
Microsoft Visual Studio Solution File, Format Version 12.00
# Visual Studio 15
VisualStudioVersion = 15.0.27703.2042
MinimumVisualStudioVersion = 10.0.40219.1
Project("{FAE04EC0-301F-11D3-BF4B-00C04F79EFBC}") = "AnimationLesson", "AnimationLesson\AnimationLesson.csproj", "{880B83A8-7946-418E-A15C-28F93E16E144}"
EndProject
Global
	GlobalSection(SolutionConfigurationPlatforms) = preSolution
		Debug|Any CPU = Debug|Any CPU
		Release|Any CPU = Release|Any CPU
	EndGlobalSection
	GlobalSection(ProjectConfigurationPlatforms) = postSolution
		{880B83A8-7946-418E-A15C-28F93E16E144}.Debug|Any CPU.ActiveCfg = Debug|Any CPU
		{880B83A8-7946-418E-A15C-28F93E16E144}.Debug|Any CPU.Build.0 = Debug|Any CPU
		{880B83A8-7946-418E-A15C-28F93E16E144}.Release|Any CPU.ActiveCfg = Release|Any CPU
		{880B83A8-7946-418E-A15C-28F93E16E144}.Release|Any CPU.Build.0 = Release|Any CPU
	EndGlobalSection
	GlobalSection(SolutionProperties) = preSolution
		HideSolutionNode = FALSE
	EndGlobalSection
	GlobalSection(ExtensibilityGlobals) = postSolution
		SolutionGuid = {3C1E04D2-DCB5-4B4F-8510-846591606A8E}
	EndGlobalSection
EndGlobal
